
Microsoft Visual Studio Solution File, Format Version 12.00
# Visual Studio 15
VisualStudioVersion = 15.0.28307.329
MinimumVisualStudioVersion = 10.0.40219.1
Project("{FAE04EC0-301F-11D3-BF4B-00C04F79EFBC}") = "Mod3_lab1", "Mod3_lab1\Mod3_lab1.csproj", "{6353F6BF-DAD6-4104-AA75-09D83A156905}"
EndProject
Global
	GlobalSection(SolutionConfigurationPlatforms) = preSolution
		Debug|Any CPU = Debug|Any CPU
		Release|Any CPU = Release|Any CPU
	EndGlobalSection
	GlobalSection(ProjectConfigurationPlatforms) = postSolution
		{6353F6BF-DAD6-4104-AA75-09D83A156905}.Debug|Any CPU.ActiveCfg = Debug|Any CPU
		{6353F6BF-DAD6-4104-AA75-09D83A156905}.Debug|Any CPU.Build.0 = Debug|Any CPU
		{6353F6BF-DAD6-4104-AA75-09D83A156905}.Release|Any CPU.ActiveCfg = Release|Any CPU
		{6353F6BF-DAD6-4104-AA75-09D83A156905}.Release|Any CPU.Build.0 = Release|Any CPU
	EndGlobalSection
	GlobalSection(SolutionProperties) = preSolution
		HideSolutionNode = FALSE
	EndGlobalSection
	GlobalSection(ExtensibilityGlobals) = postSolution
		SolutionGuid = {23181FF2-044E-46F4-AD8F-355E82487E30}
	EndGlobalSection
EndGlobal
