
Microsoft Visual Studio Solution File, Format Version 12.00
# Visual Studio 15
VisualStudioVersion = 15.0.28307.329
MinimumVisualStudioVersion = 10.0.40219.1
Project("{FAE04EC0-301F-11D3-BF4B-00C04F79EFBC}") = "Mod3_lab2", "Mod3_lab2\Mod3_lab2.csproj", "{94F5CB71-CE7F-406C-B2C0-4F96DB41E20E}"
EndProject
Global
	GlobalSection(SolutionConfigurationPlatforms) = preSolution
		Debug|Any CPU = Debug|Any CPU
		Release|Any CPU = Release|Any CPU
	EndGlobalSection
	GlobalSection(ProjectConfigurationPlatforms) = postSolution
		{94F5CB71-CE7F-406C-B2C0-4F96DB41E20E}.Debug|Any CPU.ActiveCfg = Debug|Any CPU
		{94F5CB71-CE7F-406C-B2C0-4F96DB41E20E}.Debug|Any CPU.Build.0 = Debug|Any CPU
		{94F5CB71-CE7F-406C-B2C0-4F96DB41E20E}.Release|Any CPU.ActiveCfg = Release|Any CPU
		{94F5CB71-CE7F-406C-B2C0-4F96DB41E20E}.Release|Any CPU.Build.0 = Release|Any CPU
	EndGlobalSection
	GlobalSection(SolutionProperties) = preSolution
		HideSolutionNode = FALSE
	EndGlobalSection
	GlobalSection(ExtensibilityGlobals) = postSolution
		SolutionGuid = {D1DFF453-3100-4C1B-9FD9-D9F10E0D0700}
	EndGlobalSection
EndGlobal
